
Microsoft Visual Studio Solution File, Format Version 12.00
# Visual Studio Version 17
VisualStudioVersion = 17.0.32014.148
MinimumVisualStudioVersion = 10.0.40219.1
Project("{FAE04EC0-301F-11D3-BF4B-00C04F79EFBC}") = "HyggeFinal", "HyggeFinal\HyggeFinal.csproj", "{DDC72E63-0C5C-44DE-B9DC-0E45DD993689}"
EndProject
Global
	GlobalSection(SolutionConfigurationPlatforms) = preSolution
		Debug|Any CPU = Debug|Any CPU
		Release|Any CPU = Release|Any CPU
	EndGlobalSection
	GlobalSection(ProjectConfigurationPlatforms) = postSolution
		{DDC72E63-0C5C-44DE-B9DC-0E45DD993689}.Debug|Any CPU.ActiveCfg = Debug|Any CPU
		{DDC72E63-0C5C-44DE-B9DC-0E45DD993689}.Debug|Any CPU.Build.0 = Debug|Any CPU
		{DDC72E63-0C5C-44DE-B9DC-0E45DD993689}.Release|Any CPU.ActiveCfg = Release|Any CPU
		{DDC72E63-0C5C-44DE-B9DC-0E45DD993689}.Release|Any CPU.Build.0 = Release|Any CPU
	EndGlobalSection
	GlobalSection(SolutionProperties) = preSolution
		HideSolutionNode = FALSE
	EndGlobalSection
	GlobalSection(ExtensibilityGlobals) = postSolution
		SolutionGuid = {89AD93F8-2AB2-4856-8F09-F6AB2C55048B}
	EndGlobalSection
EndGlobal
